lockfileVersion: '9.0'

settings:
  autoInstallPeers: true
  excludeLinksFromLockfile: false

importers:

  .:
    dependencies:
      '@fastify/multipart':
        specifier: ^8.3.0
        version: 8.3.0
      '@ofoq/rule-engine':
        specifier: workspace:*
        version: link:../../packages/rule-engine
      '@ofoq/shared':
        specifier: workspace:*
        version: link:../../packages/shared
    devDependencies:
      typescript:
        specifier: ^5.4.0
        version: 5.9.3

packages:

  '@fastify/busboy@2.1.1':
    resolution: {integrity: sha512-vBZP4NlzfOlerQTnba4aqZoMhE/a9HY7HRqoOPaETQcSQuWEIyZMHGfVu6w9wGtGK5fED5qRs2DteVCjOH60sA==}
    engines: {node: '>=14'}

  '@fastify/deepmerge@1.3.0':
    resolution: {integrity: sha512-J8TOSBq3SoZbDhM9+R/u77hP93gz/rajSA+K2kGyijPpORPWUXHUpTaleoj+92As0S9uPRP7Oi8IqMf0u+ro6A==}

  '@fastify/error@3.4.1':
    resolution: {integrity: sha512-wWSvph+29GR783IhmvdwWnN4bUxTD01Vm5Xad4i7i1VuAOItLvbPAb69sb0IQ2N57yprvhNIwAP5B6xfKTmjmQ==}

  '@fastify/multipart@8.3.0':
    resolution: {integrity: sha512-A8h80TTyqUzaMVH0Cr9Qcm6RxSkVqmhK/MVBYHYeRRSUbUYv08WecjWKSlG2aSnD4aGI841pVxAjC+G1GafUeQ==}

  fastify-plugin@4.5.1:
    resolution: {integrity: sha512-stRHYGeuqpEZTL1Ef0Ovr2ltazUT9g844X5z/zEBFLG8RYlpDiOCIG+ATvYEp+/zmc7sN29mcIMp8gvYplYPIQ==}

  secure-json-parse@2.7.0:
    resolution: {integrity: sha512-6aU+Rwsezw7VR8/nyvKTx8QpWH9FrcYiXXlqC4z5d5XQBDRqtbfsRjnwGyqbi3gddNtWHuEk9OANUotL26qKUw==}

  stream-wormhole@1.1.0:
    resolution: {integrity: sha512-gHFfL3px0Kctd6Po0M8TzEvt3De/xu6cnRrjlfYNhwbhLPLwigI2t1nc6jrzNuaYg5C4YF78PPFuQPzRiqn9ew==}
    engines: {node: '>=4.0.0'}

  typescript@5.9.3:
    resolution: {integrity: sha512-jl1vZzPDinLr9eUt3J/t7V6FgNEw9QjvBPdysz9KfQDD41fQrC2Y4vKQdiaUpFT4bXlb1RHhLpp8wtm6M5TgSw==}
    engines: {node: '>=14.17'}
    hasBin: true

snapshots:

  '@fastify/busboy@2.1.1': {}

  '@fastify/deepmerge@1.3.0': {}

  '@fastify/error@3.4.1': {}

  '@fastify/multipart@8.3.0':
    dependencies:
      '@fastify/busboy': 2.1.1
      '@fastify/deepmerge': 1.3.0
      '@fastify/error': 3.4.1
      fastify-plugin: 4.5.1
      secure-json-parse: 2.7.0
      stream-wormhole: 1.1.0

  fastify-plugin@4.5.1: {}

  secure-json-parse@2.7.0: {}

  stream-wormhole@1.1.0: {}

  typescript@5.9.3: {}
